Microsoft Visual Studio Solution File, Format Version 11.00
# Visual Studio 2008

Project("{0877A43A-3E56-582E-305C-CE6534F23802}") = "GameAnimals", "Assembly-CSharp.csproj", "{3190F6A2-8E51-4C9B-89A2-152B2197BA74}"
EndProject
Global
	GlobalSection(SolutionConfigurationPlatforms) = preSolution
		Debug|Any CPU = Debug|Any CPU
		Release|Any CPU = Release|Any CPU
	EndGlobalSection
	GlobalSection(ProjectConfigurationPlatforms) = postSolution
		{3190F6A2-8E51-4C9B-89A2-152B2197BA74}.Debug|Any CPU.ActiveCfg = Debug|Any CPU
		{3190F6A2-8E51-4C9B-89A2-152B2197BA74}.Debug|Any CPU.Build.0 = Debug|Any CPU
		{3190F6A2-8E51-4C9B-89A2-152B2197BA74}.Release|Any CPU.ActiveCfg = Release|Any CPU
		{3190F6A2-8E51-4C9B-89A2-152B2197BA74}.Release|Any CPU.Build.0 = Release|Any CPU
	EndGlobalSection
	GlobalSection(SolutionProperties) = preSolution
		HideSolutionNode = FALSE
	EndGlobalSection
	GlobalSection(MonoDevelopProperties) = preSolution
		StartupItem = Assembly-CSharp.csproj
	EndGlobalSection
EndGlobal
